// !$*UTF8*$!
{
	archiveVersion = 1;
	classes = {
	};
	objectVersion = 56;
	objects = {

/* Begin PBXBuildFile section */
		C864780DC19751AC66121946 /* Pods_PruebaFuncional.framework in Frameworks */ = {isa = PBXBuildFile; fileRef = 147829585025D0BCD3021DEF /* Pods_PruebaFuncional.framework */; };
		D6FB94E929257C3400740C98 /* AppDelegate.swift in Sources */ = {isa = PBXBuildFile; fileRef = D6FB94E829257C3400740C98 /* AppDelegate.swift */; };
		D6FB94EB29257C3400740C98 /* SceneDelegate.swift in Sources */ = {isa = PBXBuildFile; fileRef = D6FB94EA29257C3400740C98 /* SceneDelegate.swift */; };
		D6FB94F229257C3600740C98 /* Assets.xcassets in Resources */ = {isa = PBXBuildFile; fileRef = D6FB94F129257C3600740C98 /* Assets.xcassets */; };
		D6FB94F529257C3600740C98 /* LaunchScreen.storyboard in Resources */ = {isa = PBXBuildFile; fileRef = D6FB94F329257C3600740C98 /* LaunchScreen.storyboard */; };
		D6FB951D29257D0200740C98 /* HomeViewController.swift in Sources */ = {isa = PBXBuildFile; fileRef = D6FB951B29257D0200740C98 /* HomeViewController.swift */; };
		D6FB951E29257D0200740C98 /* HomeViewController.xib in Resources */ = {isa = PBXBuildFile; fileRef = D6FB951C29257D0200740C98 /* HomeViewController.xib */; };
		D6FB952529257F1E00740C98 /* NameUserTextfieldTableViewCell.swift in Sources */ = {isa = PBXBuildFile; fileRef = D6FB952329257F1E00740C98 /* NameUserTextfieldTableViewCell.swift */; };
		D6FB952629257F1E00740C98 /* NameUserTextfieldTableViewCell.xib in Resources */ = {isa = PBXBuildFile; fileRef = D6FB952429257F1E00740C98 /* NameUserTextfieldTableViewCell.xib */; };
		D6FB95292925805700740C98 /* Utils.swift in Sources */ = {isa = PBXBuildFile; fileRef = D6FB95282925805700740C98 /* Utils.swift */; };
		D6FB952B292581B800740C98 /* Extensions.swift in Sources */ = {isa = PBXBuildFile; fileRef = D6FB952A292581B700740C98 /* Extensions.swift */; };
		D6FB952F292587D500740C98 /* UserSelfieTableViewCell.swift in Sources */ = {isa = PBXBuildFile; fileRef = D6FB952D292587D400740C98 /* UserSelfieTableViewCell.swift */; };
		D6FB9530292587D500740C98 /* UserSelfieTableViewCell.xib in Resources */ = {isa = PBXBuildFile; fileRef = D6FB952E292587D400740C98 /* UserSelfieTableViewCell.xib */; };
		D6FB953429258AFB00740C98 /* GraphDescriptionTableViewCell.swift in Sources */ = {isa = PBXBuildFile; fileRef = D6FB953229258AFB00740C98 /* GraphDescriptionTableViewCell.swift */; };
		D6FB953529258AFB00740C98 /* GraphDescriptionTableViewCell.xib in Resources */ = {isa = PBXBuildFile; fileRef = D6FB953329258AFB00740C98 /* GraphDescriptionTableViewCell.xib */; };
		D6FB95372925902300740C98 /* JPieChart.swift in Sources */ = {isa = PBXBuildFile; fileRef = D6FB95362925902300740C98 /* JPieChart.swift */; };
		D6FB956129259EB900740C98 /* Interactor.swift in Sources */ = {isa = PBXBuildFile; fileRef = D6FB955D29259EB900740C98 /* Interactor.swift */; };
		D6FB956229259EB900740C98 /* Entity.swift in Sources */ = {isa = PBXBuildFile; fileRef = D6FB955E29259EB900740C98 /* Entity.swift */; };
		D6FB956329259EB900740C98 /* Presenter.swift in Sources */ = {isa = PBXBuildFile; fileRef = D6FB955F29259EB900740C98 /* Presenter.swift */; };
		D6FB956429259EB900740C98 /* Routing.swift in Sources */ = {isa = PBXBuildFile; fileRef = D6FB956029259EB900740C98 /* Routing.swift */; };
/* End PBXBuildFile section */

/* Begin PBXContainerItemProxy section */
		D6FB94FC29257C3600740C98 /* PBXContainerItemProxy */ = {
			isa = PBXContainerItemProxy;
			containerPortal = D6FB94DD29257C3300740C98 /* Project object */;
			proxyType = 1;
			remoteGlobalIDString = D6FB94E429257C3400740C98;
			remoteInfo = PruebaFuncional;
		};
		D6FB950629257C3600740C98 /* PBXContainerItemProxy */ = {
			isa = PBXContainerItemProxy;
			containerPortal = D6FB94DD29257C3300740C98 /* Project object */;
			proxyType = 1;
			remoteGlobalIDString = D6FB94E429257C3400740C98;
			remoteInfo = PruebaFuncional;
		};
/* End PBXContainerItemProxy section */

/* Begin PBXFileReference section */
		147829585025D0BCD3021DEF /* Pods_PruebaFuncional.framework */ = {isa = PBXFileReference; explicitFileType = wrapper.framework; includeInIndex = 0; path = Pods_PruebaFuncional.framework; sourceTree = BUILT_PRODUCTS_DIR; };
		1C28A2FE5A708728B357AF3A /* Pods-PruebaFuncional.debug.xcconfig */ = {isa = PBXFileReference; includeInIndex = 1; lastKnownFileType = text.xcconfig; name = "Pods-PruebaFuncional.debug.xcconfig"; path = "Target Support Files/Pods-PruebaFuncional/Pods-PruebaFuncional.debug.xcconfig"; sourceTree = "<group>"; };
		9D115CA9CC2E433C9681EE50 /* Pods-PruebaFuncional.release.xcconfig */ = {isa = PBXFileReference; includeInIndex = 1; lastKnownFileType = text.xcconfig; name = "Pods-PruebaFuncional.release.xcconfig"; path = "Target Support Files/Pods-PruebaFuncional/Pods-PruebaFuncional.release.xcconfig"; sourceTree = "<group>"; };
		D6FB94E529257C3400740C98 /* PruebaFuncional.app */ = {isa = PBXFileReference; explicitFileType = wrapper.application; includeInIndex = 0; path = PruebaFuncional.app; sourceTree = BUILT_PRODUCTS_DIR; };
		D6FB94E829257C3400740C98 /* AppDelegate.swift */ = {isa = PBXFileReference; lastKnownFileType = sourcecode.swift; path = AppDelegate.swift; sourceTree = "<group>"; };
		D6FB94EA29257C3400740C98 /* SceneDelegate.swift */ = {isa = PBXFileReference; lastKnownFileType = sourcecode.swift; path = SceneDelegate.swift; sourceTree = "<group>"; };
		D6FB94F129257C3600740C98 /* Assets.xcassets */ = {isa = PBXFileReference; lastKnownFileType = folder.assetcatalog; path = Assets.xcassets; sourceTree = "<group>"; };
		D6FB94F429257C3600740C98 /* Base */ = {isa = PBXFileReference; lastKnownFileType = file.storyboard; name = Base; path = Base.lproj/LaunchScreen.storyboard; sourceTree = "<group>"; };
		D6FB94F629257C3600740C98 /* Info.plist */ = {isa = PBXFileReference; lastKnownFileType = text.plist.xml; path = Info.plist; sourceTree = "<group>"; };
		D6FB94FB29257C3600740C98 /* PruebaFuncionalTests.xctest */ = {isa = PBXFileReference; explicitFileType = wrapper.cfbundle; includeInIndex = 0; path = PruebaFuncionalTests.xctest; sourceTree = BUILT_PRODUCTS_DIR; };
		D6FB950529257C3600740C98 /* PruebaFuncionalUITests.xctest */ = {isa = PBXFileReference; explicitFileType = wrapper.cfbundle; includeInIndex = 0; path = PruebaFuncionalUITests.xctest; sourceTree = BUILT_PRODUCTS_DIR; };
		D6FB951B29257D0200740C98 /* HomeViewController.swift */ = {isa = PBXFileReference; lastKnownFileType = sourcecode.swift; path = HomeViewController.swift; sourceTree = "<group>"; };
		D6FB951C29257D0200740C98 /* HomeViewController.xib */ = {isa = PBXFileReference; lastKnownFileType = file.xib; path = HomeViewController.xib; sourceTree = "<group>"; };
		D6FB952329257F1E00740C98 /* NameUserTextfieldTableViewCell.swift */ = {isa = PBXFileReference; lastKnownFileType = sourcecode.swift; path = NameUserTextfieldTableViewCell.swift; sourceTree = "<group>"; };
		D6FB952429257F1E00740C98 /* NameUserTextfieldTableViewCell.xib */ = {isa = PBXFileReference; lastKnownFileType = file.xib; path = NameUserTextfieldTableViewCell.xib; sourceTree = "<group>"; };
		D6FB95282925805700740C98 /* Utils.swift */ = {isa = PBXFileReference; lastKnownFileType = sourcecode.swift; path = Utils.swift; sourceTree = "<group>"; };
		D6FB952A292581B700740C98 /* Extensions.swift */ = {isa = PBXFileReference; lastKnownFileType = sourcecode.swift; path = Extensions.swift; sourceTree = "<group>"; };
		D6FB952D292587D400740C98 /* UserSelfieTableViewCell.swift */ = {isa = PBXFileReference; lastKnownFileType = sourcecode.swift; path = UserSelfieTableViewCell.swift; sourceTree = "<group>"; };
		D6FB952E292587D400740C98 /* UserSelfieTableViewCell.xib */ = {isa = PBXFileReference; lastKnownFileType = file.xib; path = UserSelfieTableViewCell.xib; sourceTree = "<group>"; };
		D6FB953229258AFB00740C98 /* GraphDescriptionTableViewCell.swift */ = {isa = PBXFileReference; lastKnownFileType = sourcecode.swift; path = GraphDescriptionTableViewCell.swift; sourceTree = "<group>"; };
		D6FB953329258AFB00740C98 /* GraphDescriptionTableViewCell.xib */ = {isa = PBXFileReference; lastKnownFileType = file.xib; path = GraphDescriptionTableViewCell.xib; sourceTree = "<group>"; };
		D6FB95362925902300740C98 /* JPieChart.swift */ = {isa = PBXFileReference; lastKnownFileType = sourcecode.swift; path = JPieChart.swift; sourceTree = "<group>"; };
		D6FB955D29259EB900740C98 /* Interactor.swift */ = {isa = PBXFileReference; fileEncoding = 4; lastKnownFileType = sourcecode.swift; path = Interactor.swift; sourceTree = "<group>"; };
		D6FB955E29259EB900740C98 /* Entity.swift */ = {isa = PBXFileReference; fileEncoding = 4; lastKnownFileType = sourcecode.swift; path = Entity.swift; sourceTree = "<group>"; };
		D6FB955F29259EB900740C98 /* Presenter.swift */ = {isa = PBXFileReference; fileEncoding = 4; lastKnownFileType = sourcecode.swift; path = Presenter.swift; sourceTree = "<group>"; };
		D6FB956029259EB900740C98 /* Routing.swift */ = {isa = PBXFileReference; fileEncoding = 4; lastKnownFileType = sourcecode.swift; path = Routing.swift; sourceTree = "<group>"; };
/* End PBXFileReference section */

/* Begin PBXFrameworksBuildPhase section */
		D6FB94E229257C3400740C98 /* Frameworks */ = {
			isa = PBXFrameworksBuildPhase;
			buildActionMask = 2147483647;
			files = (
				C864780DC19751AC66121946 /* Pods_PruebaFuncional.framework in Frameworks */,
			);
			runOnlyForDeploymentPostprocessing = 0;
		};
		D6FB94F829257C3600740C98 /* Frameworks */ = {
			isa = PBXFrameworksBuildPhase;
			buildActionMask = 2147483647;
			files = (
			);
			runOnlyForDeploymentPostprocessing = 0;
		};
		D6FB950229257C3600740C98 /* Frameworks */ = {
			isa = PBXFrameworksBuildPhase;
			buildActionMask = 2147483647;
			files = (
			);
			runOnlyForDeploymentPostprocessing = 0;
		};
/* End PBXFrameworksBuildPhase section */

/* Begin PBXGroup section */
		58B4F10D0C500403E1EBFA90 /* Pods */ = {
			isa = PBXGroup;
			children = (
				1C28A2FE5A708728B357AF3A /* Pods-PruebaFuncional.debug.xcconfig */,
				9D115CA9CC2E433C9681EE50 /* Pods-PruebaFuncional.release.xcconfig */,
			);
			path = Pods;
			sourceTree = "<group>";
		};
		6CEBF7EB1B11FFEB7A5224E4 /* Frameworks */ = {
			isa = PBXGroup;
			children = (
				147829585025D0BCD3021DEF /* Pods_PruebaFuncional.framework */,
			);
			name = Frameworks;
			sourceTree = "<group>";
		};
		D6FB94DC29257C3300740C98 = {
			isa = PBXGroup;
			children = (
				D6FB94E729257C3400740C98 /* PruebaFuncional */,
				D6FB94E629257C3400740C98 /* Products */,
				58B4F10D0C500403E1EBFA90 /* Pods */,
				6CEBF7EB1B11FFEB7A5224E4 /* Frameworks */,
			);
			sourceTree = "<group>";
		};
		D6FB94E629257C3400740C98 /* Products */ = {
			isa = PBXGroup;
			children = (
				D6FB94E529257C3400740C98 /* PruebaFuncional.app */,
				D6FB94FB29257C3600740C98 /* PruebaFuncionalTests.xctest */,
				D6FB950529257C3600740C98 /* PruebaFuncionalUITests.xctest */,
			);
			name = Products;
			sourceTree = "<group>";
		};
		D6FB94E729257C3400740C98 /* PruebaFuncional */ = {
			isa = PBXGroup;
			children = (
				D6FB95272925804600740C98 /* Utils */,
				D6FB951F29257D4D00740C98 /* Project */,
				D6FB956929259EFB00740C98 /* Graph */,
				D6FB951829257CD100740C98 /* Home */,
				D6FB94F629257C3600740C98 /* Info.plist */,
			);
			path = PruebaFuncional;
			sourceTree = "<group>";
		};
		D6FB951829257CD100740C98 /* Home */ = {
			isa = PBXGroup;
			children = (
				D6FB951929257CD900740C98 /* View */,
				D6FB956629259EC300740C98 /* Interactor */,
				D6FB956729259ECA00740C98 /* Presenter */,
				D6FB956529259EBE00740C98 /* Entity */,
				D6FB956829259ED000740C98 /* Routing */,
			);
			path = Home;
			sourceTree = "<group>";
		};
		D6FB951929257CD900740C98 /* View */ = {
			isa = PBXGroup;
			children = (
				D6FB952029257E9C00740C98 /* Components */,
				D6FB951A29257CEC00740C98 /* HomeView */,
			);
			path = View;
			sourceTree = "<group>";
		};
		D6FB951A29257CEC00740C98 /* HomeView */ = {
			isa = PBXGroup;
			children = (
				D6FB951B29257D0200740C98 /* HomeViewController.swift */,
				D6FB951C29257D0200740C98 /* HomeViewController.xib */,
			);
			path = HomeView;
			sourceTree = "<group>";
		};
		D6FB951F29257D4D00740C98 /* Project */ = {
			isa = PBXGroup;
			children = (
				D6FB94E829257C3400740C98 /* AppDelegate.swift */,
				D6FB94EA29257C3400740C98 /* SceneDelegate.swift */,
				D6FB94F129257C3600740C98 /* Assets.xcassets */,
				D6FB94F329257C3600740C98 /* LaunchScreen.storyboard */,
			);
			path = Project;
			sourceTree = "<group>";
		};
		D6FB952029257E9C00740C98 /* Components */ = {
			isa = PBXGroup;
			children = (
				D6FB952129257EE500740C98 /* TexfieldCell */,
				D6FB952C2925878E00740C98 /* UserSelfiCell */,
				D6FB953129258AD300740C98 /* GraphDescriptionCell */,
			);
			path = Components;
			sourceTree = "<group>";
		};
		D6FB952129257EE500740C98 /* TexfieldCell */ = {
			isa = PBXGroup;
			children = (
				D6FB952329257F1E00740C98 /* NameUserTextfieldTableViewCell.swift */,
				D6FB952429257F1E00740C98 /* NameUserTextfieldTableViewCell.xib */,
			);
			path = TexfieldCell;
			sourceTree = "<group>";
		};
		D6FB95272925804600740C98 /* Utils */ = {
			isa = PBXGroup;
			children = (
				D6FB95282925805700740C98 /* Utils.swift */,
				D6FB952A292581B700740C98 /* Extensions.swift */,
				D6FB95362925902300740C98 /* JPieChart.swift */,
			);
			path = Utils;
			sourceTree = "<group>";
		};
		D6FB952C2925878E00740C98 /* UserSelfiCell */ = {
			isa = PBXGroup;
			children = (
				D6FB952D292587D400740C98 /* UserSelfieTableViewCell.swift */,
				D6FB952E292587D400740C98 /* UserSelfieTableViewCell.xib */,
			);
			path = UserSelfiCell;
			sourceTree = "<group>";
		};
		D6FB953129258AD300740C98 /* GraphDescriptionCell */ = {
			isa = PBXGroup;
			children = (
				D6FB953229258AFB00740C98 /* GraphDescriptionTableViewCell.swift */,
				D6FB953329258AFB00740C98 /* GraphDescriptionTableViewCell.xib */,
			);
			path = GraphDescriptionCell;
			sourceTree = "<group>";
		};
		D6FB956529259EBE00740C98 /* Entity */ = {
			isa = PBXGroup;
			children = (
				D6FB955E29259EB900740C98 /* Entity.swift */,
			);
			path = Entity;
			sourceTree = "<group>";
		};
		D6FB956629259EC300740C98 /* Interactor */ = {
			isa = PBXGroup;
			children = (
				D6FB955D29259EB900740C98 /* Interactor.swift */,
			);
			path = Interactor;
			sourceTree = "<group>";
		};
		D6FB956729259ECA00740C98 /* Presenter */ = {
			isa = PBXGroup;
			children = (
				D6FB955F29259EB900740C98 /* Presenter.swift */,
			);
			path = Presenter;
			sourceTree = "<group>";
		};
		D6FB956829259ED000740C98 /* Routing */ = {
			isa = PBXGroup;
			children = (
				D6FB956029259EB900740C98 /* Routing.swift */,
			);
			path = Routing;
			sourceTree = "<group>";
		};
		D6FB956929259EFB00740C98 /* Graph */ = {
			isa = PBXGroup;
			children = (
			);
			path = Graph;
			sourceTree = "<group>";
		};
/* End PBXGroup section */

/* Begin PBXNativeTarget section */
		D6FB94E429257C3400740C98 /* PruebaFuncional */ = {
			isa = PBXNativeTarget;
			buildConfigurationList = D6FB950F29257C3600740C98 /* Build configuration list for PBXNativeTarget "PruebaFuncional" */;
			buildPhases = (
				581AE9084C3899362B4E1AF1 /* [CP] Check Pods Manifest.lock */,
				D6FB94E129257C3400740C98 /* Sources */,
				D6FB94E229257C3400740C98 /* Frameworks */,
				D6FB94E329257C3400740C98 /* Resources */,
				F79D5EF970B3F559091E3B94 /* [CP] Embed Pods Frameworks */,
			);
			buildRules = (
			);
			dependencies = (
			);
			name = PruebaFuncional;
			productName = PruebaFuncional;
			productReference = D6FB94E529257C3400740C98 /* PruebaFuncional.app */;
			productType = "com.apple.product-type.application";
		};
		D6FB94FA29257C3600740C98 /* PruebaFuncionalTests */ = {
			isa = PBXNativeTarget;
			buildConfigurationList = D6FB951229257C3600740C98 /* Build configuration list for PBXNativeTarget "PruebaFuncionalTests" */;
			buildPhases = (
				D6FB94F729257C3600740C98 /* Sources */,
				D6FB94F829257C3600740C98 /* Frameworks */,
				D6FB94F929257C3600740C98 /* Resources */,
			);
			buildRules = (
			);
			dependencies = (
				D6FB94FD29257C3600740C98 /* PBXTargetDependency */,
			);
			name = PruebaFuncionalTests;
			productName = PruebaFuncionalTests;
			productReference = D6FB94FB29257C3600740C98 /* PruebaFuncionalTests.xctest */;
			productType = "com.apple.product-type.bundle.unit-test";
		};
		D6FB950429257C3600740C98 /* PruebaFuncionalUITests */ = {
			isa = PBXNativeTarget;
			buildConfigurationList = D6FB951529257C3600740C98 /* Build configuration list for PBXNativeTarget "PruebaFuncionalUITests" */;
			buildPhases = (
				D6FB950129257C3600740C98 /* Sources */,
				D6FB950229257C3600740C98 /* Frameworks */,
				D6FB950329257C3600740C98 /* Resources */,
			);
			buildRules = (
			);
			dependencies = (
				D6FB950729257C3600740C98 /* PBXTargetDependency */,
			);
			name = PruebaFuncionalUITests;
			productName = PruebaFuncionalUITests;
			productReference = D6FB950529257C3600740C98 /* PruebaFuncionalUITests.xctest */;
			productType = "com.apple.product-type.bundle.ui-testing";
		};
/* End PBXNativeTarget section */

/* Begin PBXProject section */
		D6FB94DD29257C3300740C98 /* Project object */ = {
			isa = PBXProject;
			attributes = {
				BuildIndependentTargetsInParallel = 1;
				LastSwiftUpdateCheck = 1410;
				LastUpgradeCheck = 1410;
				TargetAttributes = {
					D6FB94E429257C3400740C98 = {
						CreatedOnToolsVersion = 14.1;
					};
					D6FB94FA29257C3600740C98 = {
						CreatedOnToolsVersion = 14.1;
						TestTargetID = D6FB94E429257C3400740C98;
					};
					D6FB950429257C3600740C98 = {
						CreatedOnToolsVersion = 14.1;
						TestTargetID = D6FB94E429257C3400740C98;
					};
				};
			};
			buildConfigurationList = D6FB94E029257C3300740C98 /* Build configuration list for PBXProject "PruebaFuncional" */;
			compatibilityVersion = "Xcode 14.0";
			developmentRegion = en;
			hasScannedForEncodings = 0;
			knownRegions = (
				en,
				Base,
			);
			mainGroup = D6FB94DC29257C3300740C98;
			productRefGroup = D6FB94E629257C3400740C98 /* Products */;
			projectDirPath = "";
			projectRoot = "";
			targets = (
				D6FB94E429257C3400740C98 /* PruebaFuncional */,
				D6FB94FA29257C3600740C98 /* PruebaFuncionalTests */,
				D6FB950429257C3600740C98 /* PruebaFuncionalUITests */,
			);
		};
/* End PBXProject section */

/* Begin PBXResourcesBuildPhase section */
		D6FB94E329257C3400740C98 /* Resources */ = {
			isa = PBXResourcesBuildPhase;
			buildActionMask = 2147483647;
			files = (
				D6FB9530292587D500740C98 /* UserSelfieTableViewCell.xib in Resources */,
				D6FB953529258AFB00740C98 /* GraphDescriptionTableViewCell.xib in Resources */,
				D6FB94F529257C3600740C98 /* LaunchScreen.storyboard in Resources */,
				D6FB952629257F1E00740C98 /* NameUserTextfieldTableViewCell.xib in Resources */,
				D6FB94F229257C3600740C98 /* Assets.xcassets in Resources */,
				D6FB951E29257D0200740C98 /* HomeViewController.xib in Resources */,
			);
			runOnlyForDeploymentPostprocessing = 0;
		};
		D6FB94F929257C3600740C98 /* Resources */ = {
			isa = PBXResourcesBuildPhase;
			buildActionMask = 2147483647;
			files = (
			);
			runOnlyForDeploymentPostprocessing = 0;
		};
		D6FB950329257C3600740C98 /* Resources */ = {
			isa = PBXResourcesBuildPhase;
			buildActionMask = 2147483647;
			files = (
			);
			runOnlyForDeploymentPostprocessing = 0;
		};
/* End PBXResourcesBuildPhase section */

/* Begin PBXShellScriptBuildPhase section */
		581AE9084C3899362B4E1AF1 /* [CP] Check Pods Manifest.lock */ = {
			isa = PBXShellScriptBuildPhase;
			buildActionMask = 2147483647;
			files = (
			);
			inputFileListPaths = (
			);
			inputPaths = (
				"${PODS_PODFILE_DIR_PATH}/Podfile.lock",
				"${PODS_ROOT}/Manifest.lock",
			);
			name = "[CP] Check Pods Manifest.lock";
			outputFileListPaths = (
			);
			outputPaths = (
				"$(DERIVED_FILE_DIR)/Pods-PruebaFuncional-checkManifestLockResult.txt",
			);
			runOnlyForDeploymentPostprocessing = 0;
			shellPath = /bin/sh;
			shellScript = "diff \"${PODS_PODFILE_DIR_PATH}/Podfile.lock\" \"${PODS_ROOT}/Manifest.lock\" > /dev/null\nif [ $? != 0 ] ; then\n    # print error to STDERR\n    echo \"error: The sandbox is not in sync with the Podfile.lock. Run 'pod install' or update your CocoaPods installation.\" >&2\n    exit 1\nfi\n# This output is used by Xcode 'outputs' to avoid re-running this script phase.\necho \"SUCCESS\" > \"${SCRIPT_OUTPUT_FILE_0}\"\n";
			showEnvVarsInLog = 0;
		};
		F79D5EF970B3F559091E3B94 /* [CP] Embed Pods Frameworks */ = {
			isa = PBXShellScriptBuildPhase;
			buildActionMask = 2147483647;
			files = (
			);
			inputFileListPaths = (
				"${PODS_ROOT}/Target Support Files/Pods-PruebaFuncional/Pods-PruebaFuncional-frameworks-${CONFIGURATION}-input-files.xcfilelist",
			);
			name = "[CP] Embed Pods Frameworks";
			outputFileListPaths = (
				"${PODS_ROOT}/Target Support Files/Pods-PruebaFuncional/Pods-PruebaFuncional-frameworks-${CONFIGURATION}-output-files.xcfilelist",
			);
			runOnlyForDeploymentPostprocessing = 0;
			shellPath = /bin/sh;
			shellScript = "\"${PODS_ROOT}/Target Support Files/Pods-PruebaFuncional/Pods-PruebaFuncional-frameworks.sh\"\n";
			showEnvVarsInLog = 0;
		};
/* End PBXShellScriptBuildPhase section */

/* Begin PBXSourcesBuildPhase section */
		D6FB94E129257C3400740C98 /* Sources */ = {
			isa = PBXSourcesBuildPhase;
			buildActionMask = 2147483647;
			files = (
				D6FB94E929257C3400740C98 /* AppDelegate.swift in Sources */,
				D6FB952F292587D500740C98 /* UserSelfieTableViewCell.swift in Sources */,
				D6FB956429259EB900740C98 /* Routing.swift in Sources */,
				D6FB956129259EB900740C98 /* Interactor.swift in Sources */,
				D6FB952529257F1E00740C98 /* NameUserTextfieldTableViewCell.swift in Sources */,
				D6FB94EB29257C3400740C98 /* SceneDelegate.swift in Sources */,
				D6FB951D29257D0200740C98 /* HomeViewController.swift in Sources */,
				D6FB956329259EB900740C98 /* Presenter.swift in Sources */,
				D6FB953429258AFB00740C98 /* GraphDescriptionTableViewCell.swift in Sources */,
				D6FB956229259EB900740C98 /* Entity.swift in Sources */,
				D6FB95292925805700740C98 /* Utils.swift in Sources */,
				D6FB95372925902300740C98 /* JPieChart.swift in Sources */,
				D6FB952B292581B800740C98 /* Extensions.swift in Sources */,
			);
			runOnlyForDeploymentPostprocessing = 0;
		};
		D6FB94F729257C3600740C98 /* Sources */ = {
			isa = PBXSourcesBuildPhase;
			buildActionMask = 2147483647;
			files = (
			);
			runOnlyForDeploymentPostprocessing = 0;
		};
		D6FB950129257C3600740C98 /* Sources */ = {
			isa = PBXSourcesBuildPhase;
			buildActionMask = 2147483647;
			files = (
			);
			runOnlyForDeploymentPostprocessing = 0;
		};
/* End PBXSourcesBuildPhase section */

/* Begin PBXTargetDependency section */
		D6FB94FD29257C3600740C98 /* PBXTargetDependency */ = {
			isa = PBXTargetDependency;
			target = D6FB94E429257C3400740C98 /* PruebaFuncional */;
			targetProxy = D6FB94FC29257C3600740C98 /* PBXContainerItemProxy */;
		};
		D6FB950729257C3600740C98 /* PBXTargetDependency */ = {
			isa = PBXTargetDependency;
			target = D6FB94E429257C3400740C98 /* PruebaFuncional */;
			targetProxy = D6FB950629257C3600740C98 /* PBXContainerItemProxy */;
		};
/* End PBXTargetDependency section */

/* Begin PBXVariantGroup section */
		D6FB94F329257C3600740C98 /* LaunchScreen.storyboard */ = {
			isa = PBXVariantGroup;
			children = (
				D6FB94F429257C3600740C98 /* Base */,
			);
			name = LaunchScreen.storyboard;
			sourceTree = "<group>";
		};
/* End PBXVariantGroup section */

/* Begin XCBuildConfiguration section */
		D6FB950D29257C3600740C98 /* Debug */ = {
			isa = XCBuildConfiguration;
			buildSettings = {
				ALWAYS_SEARCH_USER_PATHS = NO;
				CLANG_ANALYZER_NONNULL = YES;
				CLANG_ANALYZER_NUMBER_OBJECT_CONVERSION = YES_AGGRESSIVE;
				CLANG_CXX_LANGUAGE_STANDARD = "gnu++20";
				CLANG_ENABLE_MODULES = YES;
				CLANG_ENABLE_OBJC_ARC = YES;
				CLANG_ENABLE_OBJC_WEAK = YES;
				CLANG_WARN_BLOCK_CAPTURE_AUTORELEASING = YES;
				CLANG_WARN_BOOL_CONVERSION = YES;
				CLANG_WARN_COMMA = YES;
				CLANG_WARN_CONSTANT_CONVERSION = YES;
				CLANG_WARN_DEPRECATED_OBJC_IMPLEMENTATIONS = YES;
				CLANG_WARN_DIRECT_OBJC_ISA_USAGE = YES_ERROR;
				CLANG_WARN_DOCUMENTATION_COMMENTS = YES;
				CLANG_WARN_EMPTY_BODY = YES;
				CLANG_WARN_ENUM_CONVERSION = YES;
				CLANG_WARN_INFINITE_RECURSION = YES;
				CLANG_WARN_INT_CONVERSION = YES;
				CLANG_WARN_NON_LITERAL_NULL_CONVERSION = YES;
				CLANG_WARN_OBJC_IMPLICIT_RETAIN_SELF = YES;
				CLANG_WARN_OBJC_LITERAL_CONVERSION = YES;
				CLANG_WARN_OBJC_ROOT_CLASS = YES_ERROR;
				CLANG_WARN_QUOTED_INCLUDE_IN_FRAMEWORK_HEADER = YES;
				CLANG_WARN_RANGE_LOOP_ANALYSIS = YES;
				CLANG_WARN_STRICT_PROTOTYPES = YES;
				CLANG_WARN_SUSPICIOUS_MOVE = YES;
				CLANG_WARN_UNGUARDED_AVAILABILITY = YES_AGGRESSIVE;
				CLANG_WARN_UNREACHABLE_CODE = YES;
				CLANG_WARN__DUPLICATE_METHOD_MATCH = YES;
				COPY_PHASE_STRIP = NO;
				DEBUG_INFORMATION_FORMAT = dwarf;
				ENABLE_STRICT_OBJC_MSGSEND = YES;
				ENABLE_TESTABILITY = YES;
				GCC_C_LANGUAGE_STANDARD = gnu11;
				GCC_DYNAMIC_NO_PIC = NO;
				GCC_NO_COMMON_BLOCKS = YES;
				GCC_OPTIMIZATION_LEVEL = 0;
				GCC_PREPROCESSOR_DEFINITIONS = (
					"DEBUG=1",
					"$(inherited)",
				);
				GCC_WARN_64_TO_32_BIT_CONVERSION = YES;
				GCC_WARN_ABOUT_RETURN_TYPE = YES_ERROR;
				GCC_WARN_UNDECLARED_SELECTOR = YES;
				GCC_WARN_UNINITIALIZED_AUTOS = YES_AGGRESSIVE;
				GCC_WARN_UNUSED_FUNCTION = YES;
				GCC_WARN_UNUSED_VARIABLE = YES;
				IPHONEOS_DEPLOYMENT_TARGET = 16.1;
				MTL_ENABLE_DEBUG_INFO = INCLUDE_SOURCE;
				MTL_FAST_MATH = YES;
				ONLY_ACTIVE_ARCH = YES;
				SDKROOT = iphoneos;
				SWIFT_ACTIVE_COMPILATION_CONDITIONS = DEBUG;
				SWIFT_OPTIMIZATION_LEVEL = "-Onone";
			};
			name = Debug;
		};
		D6FB950E29257C3600740C98 /* Release */ = {
			isa = XCBuildConfiguration;
			buildSettings = {
				ALWAYS_SEARCH_USER_PATHS = NO;
				CLANG_ANALYZER_NONNULL = YES;
				CLANG_ANALYZER_NUMBER_OBJECT_CONVERSION = YES_AGGRESSIVE;
				CLANG_CXX_LANGUAGE_STANDARD = "gnu++20";
				CLANG_ENABLE_MODULES = YES;
				CLANG_ENABLE_OBJC_ARC = YES;
				CLANG_ENABLE_OBJC_WEAK = YES;
				CLANG_WARN_BLOCK_CAPTURE_AUTORELEASING = YES;
				CLANG_WARN_BOOL_CONVERSION = YES;
				CLANG_WARN_COMMA = YES;
				CLANG_WARN_CONSTANT_CONVERSION = YES;
				CLANG_WARN_DEPRECATED_OBJC_IMPLEMENTATIONS = YES;
				CLANG_WARN_DIRECT_OBJC_ISA_USAGE = YES_ERROR;
				CLANG_WARN_DOCUMENTATION_COMMENTS = YES;
				CLANG_WARN_EMPTY_BODY = YES;
				CLANG_WARN_ENUM_CONVERSION = YES;
				CLANG_WARN_INFINITE_RECURSION = YES;
				CLANG_WARN_INT_CONVERSION = YES;
				CLANG_WARN_NON_LITERAL_NULL_CONVERSION = YES;
				CLANG_WARN_OBJC_IMPLICIT_RETAIN_SELF = YES;
				CLANG_WARN_OBJC_LITERAL_CONVERSION = YES;
				CLANG_WARN_OBJC_ROOT_CLASS = YES_ERROR;
				CLANG_WARN_QUOTED_INCLUDE_IN_FRAMEWORK_HEADER = YES;
				CLANG_WARN_RANGE_LOOP_ANALYSIS = YES;
				CLANG_WARN_STRICT_PROTOTYPES = YES;
				CLANG_WARN_SUSPICIOUS_MOVE = YES;
				CLANG_WARN_UNGUARDED_AVAILABILITY = YES_AGGRESSIVE;
				CLANG_WARN_UNREACHABLE_CODE = YES;
				CLANG_WARN__DUPLICATE_METHOD_MATCH = YES;
				COPY_PHASE_STRIP = NO;
				DEBUG_INFORMATION_FORMAT = "dwarf-with-dsym";
				ENABLE_NS_ASSERTIONS = NO;
				ENABLE_STRICT_OBJC_MSGSEND = YES;
				GCC_C_LANGUAGE_STANDARD = gnu11;
				GCC_NO_COMMON_BLOCKS = YES;
				GCC_WARN_64_TO_32_BIT_CONVERSION = YES;
				GCC_WARN_ABOUT_RETURN_TYPE = YES_ERROR;
				GCC_WARN_UNDECLARED_SELECTOR = YES;
				GCC_WARN_UNINITIALIZED_AUTOS = YES_AGGRESSIVE;
				GCC_WARN_UNUSED_FUNCTION = YES;
				GCC_WARN_UNUSED_VARIABLE = YES;
				IPHONEOS_DEPLOYMENT_TARGET = 16.1;
				MTL_ENABLE_DEBUG_INFO = NO;
				MTL_FAST_MATH = YES;
				SDKROOT = iphoneos;
				SWIFT_COMPILATION_MODE = wholemodule;
				SWIFT_OPTIMIZATION_LEVEL = "-O";
				VALIDATE_PRODUCT = YES;
			};
			name = Release;
		};
		D6FB951029257C3600740C98 /* Debug */ = {
			isa = XCBuildConfiguration;
			baseConfigurationReference = 1C28A2FE5A708728B357AF3A /* Pods-PruebaFuncional.debug.xcconfig */;
			buildSettings = {
				ASSETCATALOG_COMPILER_APPICON_NAME = AppIcon;
				ASSETCATALOG_COMPILER_GLOBAL_ACCENT_COLOR_NAME = AccentColor;
				CODE_SIGN_STYLE = Automatic;
				CURRENT_PROJECT_VERSION = 1;
				DEVELOPMENT_TEAM = 7BU6L2YRP3;
				GENERATE_INFOPLIST_FILE = YES;
				INFOPLIST_FILE = PruebaFuncional/Info.plist;
				INFOPLIST_KEY_UIApplicationSupportsIndirectInputEvents = YES;
				INFOPLIST_KEY_UILaunchStoryboardName = LaunchScreen;
				INFOPLIST_KEY_UISupportedInterfaceOrientations = UIInterfaceOrientationPortrait;
				INFOPLIST_KEY_UISupportedInterfaceOrientations_iPad = "UIInterfaceOrientationLandscapeLeft UIInterfaceOrientationLandscapeRight UIInterfaceOrientationPortrait UIInterfaceOrientationPortraitUpsideDown";
				IPHONEOS_DEPLOYMENT_TARGET = 15.0;
				LD_RUNPATH_SEARCH_PATHS = (
					"$(inherited)",
					"@executable_path/Frameworks",
				);
				MARKETING_VERSION = 1.0;
				PRODUCT_BUNDLE_IDENTIFIER = maxezio.PruebaFuncional;
				PRODUCT_NAME = "$(TARGET_NAME)";
				SUPPORTED_PLATFORMS = "iphoneos iphonesimulator";
				SUPPORTS_MACCATALYST = NO;
				SUPPORTS_MAC_DESIGNED_FOR_IPHONE_IPAD = NO;
				SWIFT_EMIT_LOC_STRINGS = YES;
				SWIFT_VERSION = 5.0;
				TARGETED_DEVICE_FAMILY = 1;
			};
			name = Debug;
		};
		D6FB951129257C3600740C98 /* Release */ = {
			isa = XCBuildConfiguration;
			baseConfigurationReference = 9D115CA9CC2E433C9681EE50 /* Pods-PruebaFuncional.release.xcconfig */;
			buildSettings = {
				ASSETCATALOG_COMPILER_APPICON_NAME = AppIcon;
				ASSETCATALOG_COMPILER_GLOBAL_ACCENT_COLOR_NAME = AccentColor;
				CODE_SIGN_STYLE = Automatic;
				CURRENT_PROJECT_VERSION = 1;
				DEVELOPMENT_TEAM = 7BU6L2YRP3;
				GENERATE_INFOPLIST_FILE = YES;
				INFOPLIST_FILE = PruebaFuncional/Info.plist;
				INFOPLIST_KEY_UIApplicationSupportsIndirectInputEvents = YES;
				INFOPLIST_KEY_UILaunchStoryboardName = LaunchScreen;
				INFOPLIST_KEY_UISupportedInterfaceOrientations = UIInterfaceOrientationPortrait;
				INFOPLIST_KEY_UISupportedInterfaceOrientations_iPad = "UIInterfaceOrientationLandscapeLeft UIInterfaceOrientationLandscapeRight UIInterfaceOrientationPortrait UIInterfaceOrientationPortraitUpsideDown";
				IPHONEOS_DEPLOYMENT_TARGET = 15.0;
				LD_RUNPATH_SEARCH_PATHS = (
					"$(inherited)",
					"@executable_path/Frameworks",
				);
				MARKETING_VERSION = 1.0;
				PRODUCT_BUNDLE_IDENTIFIER = maxezio.PruebaFuncional;
				PRODUCT_NAME = "$(TARGET_NAME)";
				SUPPORTED_PLATFORMS = "iphoneos iphonesimulator";
				SUPPORTS_MACCATALYST = NO;
				SUPPORTS_MAC_DESIGNED_FOR_IPHONE_IPAD = NO;
				SWIFT_EMIT_LOC_STRINGS = YES;
				SWIFT_VERSION = 5.0;
				TARGETED_DEVICE_FAMILY = 1;
			};
			name = Release;
		};
		D6FB951329257C3600740C98 /* Debug */ = {
			isa = XCBuildConfiguration;
			buildSettings = {
				ALWAYS_EMBED_SWIFT_STANDARD_LIBRARIES = YES;
				BUNDLE_LOADER = "$(TEST_HOST)";
				CODE_SIGN_STYLE = Automatic;
				CURRENT_PROJECT_VERSION = 1;
				DEVELOPMENT_TEAM = 7BU6L2YRP3;
				GENERATE_INFOPLIST_FILE = YES;
				IPHONEOS_DEPLOYMENT_TARGET = 16.1;
				MARKETING_VERSION = 1.0;
				PRODUCT_BUNDLE_IDENTIFIER = maxezio.PruebaFuncionalTests;
				PRODUCT_NAME = "$(TARGET_NAME)";
				SWIFT_EMIT_LOC_STRINGS = NO;
				SWIFT_VERSION = 5.0;
				TARGETED_DEVICE_FAMILY = "1,2";
				TEST_HOST = "$(BUILT_PRODUCTS_DIR)/PruebaFuncional.app/$(BUNDLE_EXECUTABLE_FOLDER_PATH)/PruebaFuncional";
			};
			name = Debug;
		};
		D6FB951429257C3600740C98 /* Release */ = {
			isa = XCBuildConfiguration;
			buildSettings = {
				ALWAYS_EMBED_SWIFT_STANDARD_LIBRARIES = YES;
				BUNDLE_LOADER = "$(TEST_HOST)";
				CODE_SIGN_STYLE = Automatic;
				CURRENT_PROJECT_VERSION = 1;
				DEVELOPMENT_TEAM = 7BU6L2YRP3;
				GENERATE_INFOPLIST_FILE = YES;
				IPHONEOS_DEPLOYMENT_TARGET = 16.1;
				MARKETING_VERSION = 1.0;
				PRODUCT_BUNDLE_IDENTIFIER = maxezio.PruebaFuncionalTests;
				PRODUCT_NAME = "$(TARGET_NAME)";
				SWIFT_EMIT_LOC_STRINGS = NO;
				SWIFT_VERSION = 5.0;
				TARGETED_DEVICE_FAMILY = "1,2";
				TEST_HOST = "$(BUILT_PRODUCTS_DIR)/PruebaFuncional.app/$(BUNDLE_EXECUTABLE_FOLDER_PATH)/PruebaFuncional";
			};
			name = Release;
		};
		D6FB951629257C3600740C98 /* Debug */ = {
			isa = XCBuildConfiguration;
			buildSettings = {
				ALWAYS_EMBED_SWIFT_STANDARD_LIBRARIES = YES;
				CODE_SIGN_STYLE = Automatic;
				CURRENT_PROJECT_VERSION = 1;
				DEVELOPMENT_TEAM = 7BU6L2YRP3;
				GENERATE_INFOPLIST_FILE = YES;
				MARKETING_VERSION = 1.0;
				PRODUCT_BUNDLE_IDENTIFIER = maxezio.PruebaFuncionalUITests;
				PRODUCT_NAME = "$(TARGET_NAME)";
				SWIFT_EMIT_LOC_STRINGS = NO;
				SWIFT_VERSION = 5.0;
				TARGETED_DEVICE_FAMILY = "1,2";
				TEST_TARGET_NAME = PruebaFuncional;
			};
			name = Debug;
		};
		D6FB951729257C3600740C98 /* Release */ = {
			isa = XCBuildConfiguration;
			buildSettings = {
				ALWAYS_EMBED_SWIFT_STANDARD_LIBRARIES = YES;
				CODE_SIGN_STYLE = Automatic;
				CURRENT_PROJECT_VERSION = 1;
				DEVELOPMENT_TEAM = 7BU6L2YRP3;
				GENERATE_INFOPLIST_FILE = YES;
				MARKETING_VERSION = 1.0;
				PRODUCT_BUNDLE_IDENTIFIER = maxezio.PruebaFuncionalUITests;
				PRODUCT_NAME = "$(TARGET_NAME)";
				SWIFT_EMIT_LOC_STRINGS = NO;
				SWIFT_VERSION = 5.0;
				TARGETED_DEVICE_FAMILY = "1,2";
				TEST_TARGET_NAME = PruebaFuncional;
			};
			name = Release;
		};
/* End XCBuildConfiguration section */

/* Begin XCConfigurationList section */
		D6FB94E029257C3300740C98 /* Build configuration list for PBXProject "PruebaFuncional" */ = {
			isa = XCConfigurationList;
			buildConfigurations = (
				D6FB950D29257C3600740C98 /* Debug */,
				D6FB950E29257C3600740C98 /* Release */,
			);
			defaultConfigurationIsVisible = 0;
			defaultConfigurationName = Release;
		};
		D6FB950F29257C3600740C98 /* Build configuration list for PBXNativeTarget "PruebaFuncional" */ = {
			isa = XCConfigurationList;
			buildConfigurations = (
				D6FB951029257C3600740C98 /* Debug */,
				D6FB951129257C3600740C98 /* Release */,
			);
			defaultConfigurationIsVisible = 0;
			defaultConfigurationName = Release;
		};
		D6FB951229257C3600740C98 /* Build configuration list for PBXNativeTarget "PruebaFuncionalTests" */ = {
			isa = XCConfigurationList;
			buildConfigurations = (
				D6FB951329257C3600740C98 /* Debug */,
				D6FB951429257C3600740C98 /* Release */,
			);
			defaultConfigurationIsVisible = 0;
			defaultConfigurationName = Release;
		};
		D6FB951529257C3600740C98 /* Build configuration list for PBXNativeTarget "PruebaFuncionalUITests" */ = {
			isa = XCConfigurationList;
			buildConfigurations = (
				D6FB951629257C3600740C98 /* Debug */,
				D6FB951729257C3600740C98 /* Release */,
			);
			defaultConfigurationIsVisible = 0;
			defaultConfigurationName = Release;
		};
/* End XCConfigurationList section */
	};
	rootObject = D6FB94DD29257C3300740C98 /* Project object */;
}
